
Microsoft Visual Studio Solution File, Format Version 12.00
# Visual Studio Version 16
VisualStudioVersion = 16.0.28803.352
MinimumVisualStudioVersion = 10.0.40219.1
Project("{FAE04EC0-301F-11D3-BF4B-00C04F79EFBC}") = "Wantsome-Week-6", "Wantsome-Week-6.csproj", "{6C432C7E-50B3-4694-8876-2ACF3B2FE3B6}"
EndProject
Project("{FAE04EC0-301F-11D3-BF4B-00C04F79EFBC}") = "OverrideSystemObject", "..\OverrideSystemObject\OverrideSystemObject.csproj", "{6E04485D-6893-473C-B1EF-6578D32F83FD}"
EndProject
Project("{FAE04EC0-301F-11D3-BF4B-00C04F79EFBC}") = "Students", "..\Students\Students.csproj", "{EB5E600E-8E44-4823-8ADC-0E8B44A19C4F}"
EndProject
Project("{FAE04EC0-301F-11D3-BF4B-00C04F79EFBC}") = "Persons", "..\Person\Persons.csproj", "{62AEC17B-5134-46FA-B65F-399577F02D7B}"
EndProject
Global
	GlobalSection(SolutionConfigurationPlatforms) = preSolution
		Debug|Any CPU = Debug|Any CPU
		Release|Any CPU = Release|Any CPU
	EndGlobalSection
	GlobalSection(ProjectConfigurationPlatforms) = postSolution
		{6C432C7E-50B3-4694-8876-2ACF3B2FE3B6}.Debug|Any CPU.ActiveCfg = Debug|Any CPU
		{6C432C7E-50B3-4694-8876-2ACF3B2FE3B6}.Debug|Any CPU.Build.0 = Debug|Any CPU
		{6C432C7E-50B3-4694-8876-2ACF3B2FE3B6}.Release|Any CPU.ActiveCfg = Release|Any CPU
		{6C432C7E-50B3-4694-8876-2ACF3B2FE3B6}.Release|Any CPU.Build.0 = Release|Any CPU
		{6E04485D-6893-473C-B1EF-6578D32F83FD}.Debug|Any CPU.ActiveCfg = Debug|Any CPU
		{6E04485D-6893-473C-B1EF-6578D32F83FD}.Debug|Any CPU.Build.0 = Debug|Any CPU
		{6E04485D-6893-473C-B1EF-6578D32F83FD}.Release|Any CPU.ActiveCfg = Release|Any CPU
		{6E04485D-6893-473C-B1EF-6578D32F83FD}.Release|Any CPU.Build.0 = Release|Any CPU
		{EB5E600E-8E44-4823-8ADC-0E8B44A19C4F}.Debug|Any CPU.ActiveCfg = Debug|Any CPU
		{EB5E600E-8E44-4823-8ADC-0E8B44A19C4F}.Debug|Any CPU.Build.0 = Debug|Any CPU
		{EB5E600E-8E44-4823-8ADC-0E8B44A19C4F}.Release|Any CPU.ActiveCfg = Release|Any CPU
		{EB5E600E-8E44-4823-8ADC-0E8B44A19C4F}.Release|Any CPU.Build.0 = Release|Any CPU
		{62AEC17B-5134-46FA-B65F-399577F02D7B}.Debug|Any CPU.ActiveCfg = Debug|Any CPU
		{62AEC17B-5134-46FA-B65F-399577F02D7B}.Debug|Any CPU.Build.0 = Debug|Any CPU
		{62AEC17B-5134-46FA-B65F-399577F02D7B}.Release|Any CPU.ActiveCfg = Release|Any CPU
		{62AEC17B-5134-46FA-B65F-399577F02D7B}.Release|Any CPU.Build.0 = Release|Any CPU
	EndGlobalSection
	GlobalSection(SolutionProperties) = preSolution
		HideSolutionNode = FALSE
	EndGlobalSection
	GlobalSection(ExtensibilityGlobals) = postSolution
		SolutionGuid = {FCEDB14F-1414-4777-92A0-DB39E2D72760}
	EndGlobalSection
EndGlobal
